# THIS IS AN AUTOGENERATED FILE. DO NOT EDIT THIS FILE DIRECTLY.
# yarn lockfile v1


"@emmetio/css-parser@ramya-rao-a/css-parser#vscode":
  version "0.4.0"
  resolved "https://codeload.github.com/ramya-rao-a/css-parser/tar.gz/370c480ac103bd17c7bcfb34bf5d577dc40d3660"
  dependencies:
    "@emmetio/stream-reader" "^2.2.0"
    "@emmetio/stream-reader-utils" "^0.1.0"

"@emmetio/extract-abbreviation@0.1.6":
  version "0.1.6"
  resolved "https://registry.yarnpkg.com/@emmetio/extract-abbreviation/-/extract-abbreviation-0.1.6.tgz#e4a9856c1057f0aff7d443b8536477c243abe28c"
  integrity sha512-Ce3xE2JvTSEbASFbRbA1gAIcMcZWdS2yUYRaQbeM0nbOzaZrUYfa3ePtcriYRZOZmr+CkKA+zbjhvTpIOAYVcw==

"@emmetio/html-matcher@^0.3.3":
  version "0.3.3"
  resolved "https://registry.yarnpkg.com/@emmetio/html-matcher/-/html-matcher-0.3.3.tgz#0bbdadc0882e185950f03737dc6dbf8f7bd90728"
  integrity sha1-C72twIguGFlQ8Dc33G2/j3vZByg=
  dependencies:
    "@emmetio/stream-reader" "^2.0.0"
    "@emmetio/stream-reader-utils" "^0.1.0"

"@emmetio/math-expression@^0.1.1":
  version "0.1.1"
  resolved "https://registry.yarnpkg.com/@emmetio/math-expression/-/math-expression-0.1.1.tgz#1ff2c7f05800f64c57ca89038ee18bce9f5776dc"
  integrity sha1-H/LH8FgA9kxXyokDjuGLzp9Xdtw=
  dependencies:
    "@emmetio/stream-reader" "^2.0.1"
    "@emmetio/stream-reader-utils" "^0.1.0"

"@emmetio/stream-reader-utils@^0.1.0":
  version "0.1.0"
  resolved "https://registry.yarnpkg.com/@emmetio/stream-reader-utils/-/stream-reader-utils-0.1.0.tgz#244cb02c77ec2e74f78a9bd318218abc9c500a61"
  integrity sha1-JEywLHfsLnT3ipvTGCGKvJxQCmE=

"@emmetio/stream-reader@^2.0.0", "@emmetio/stream-reader@^2.0.1", "@emmetio/stream-reader@^2.2.0":
  version "2.2.0"
  resolved "https://registry.yarnpkg.com/@emmetio/stream-reader/-/stream-reader-2.2.0.tgz#46cffea119a0a003312a21c2d9b5628cb5fcd442"
  integrity sha1-Rs/+oRmgoAMxKiHC2bVijLX81EI=

"@types/node@^10.14.8":
  version "10.14.8"
  resolved "https://registry.yarnpkg.com/@types/node/-/node-10.14.8.tgz#fe444203ecef1162348cd6deb76c62477b2cc6e9"
  integrity sha512-I4+DbJEhLEg4/vIy/2gkWDvXBOOtPKV9EnLhYjMoqxcRW+TTZtUftkHktz/a8suoD5mUL7m6ReLrkPvSsCQQmw==

agent-base@4, agent-base@^4.3.0:
  version "4.3.0"
  resolved "https://registry.yarnpkg.com/agent-base/-/agent-base-4.3.0.tgz#8165f01c436009bccad0b1d122f05ed770efc6ee"
  integrity sha512-salcGninV0nPrwpGNn4VTXBb1SOuXQBiqbrNXoeizJsHrsL6ERFM2Ne3JUSBWRE6aeNJI2ROP/WEEIDUiDe3cg==
  dependencies:
    es6-promisify "^5.0.0"

ansi-regex@^3.0.0:
  version "3.0.0"
  resolved "https://registry.yarnpkg.com/ansi-regex/-/ansi-regex-3.0.0.tgz#ed0317c322064f79466c02966bddb605ab37d998"
  integrity sha1-7QMXwyIGT3lGbAKWa922Bas32Zg=

balanced-match@^1.0.0:
  version "1.0.0"
  resolved "https://registry.yarnpkg.com/balanced-match/-/balanced-match-1.0.0.tgz#89b4d199ab2bee49de164ea02b89ce462d71b767"
  integrity sha1-ibTRmasr7kneFk6gK4nORi1xt2c=

brace-expansion@^1.1.7:
  version "1.1.8"
  resolved "https://registry.yarnpkg.com/brace-expansion/-/brace-expansion-1.1.8.tgz#c07b211c7c952ec1f8efd51a77ef0d1d3990a292"
  integrity sha1-wHshHHyVLsH479Uad+8NHTmQopI=
  dependencies:
    balanced-match "^1.0.0"
    concat-map "0.0.1"

browser-stdout@1.3.0:
  version "1.3.0"
  resolved "https://registry.yarnpkg.com/browser-stdout/-/browser-stdout-1.3.0.tgz#f351d32969d32fa5d7a5567154263d928ae3bd1f"
  integrity sha512-7Rfk377tpSM9TWBEeHs0FlDZGoAIei2V/4MdZJoFMBFAK6BqLpxAIUepGRHGdPFgGsLb02PXovC4qddyHvQqTg==

buffer-from@^1.0.0:
  version "1.1.2"
  resolved "https://registry.yarnpkg.com/buffer-from/-/buffer-from-1.1.2.tgz#2b146a6fd72e80b4f55d255f35ed59a3a9a41bd5"
  integrity sha512-E+XQCRwSbaaiChtv6k6Dwgc+bx+Bs6vuKJHHl5kox/BaKbhiXzqQOwK4cO22yElGp2OCmjwVhT3HmxgyPGnJfQ==

charenc@~0.0.1:
  version "0.0.2"
  resolved "https://registry.yarnpkg.com/charenc/-/charenc-0.0.2.tgz#c0a1d2f3a7092e03774bfa83f14c0fc5790a8667"
  integrity sha1-wKHS86cJLgN3S/qD8UwPxXkKhmc=

commander@2.11.0:
  version "2.11.0"
  resolved "https://registry.yarnpkg.com/commander/-/commander-2.11.0.tgz#157152fd1e7a6c8d98a5b715cf376df928004563"
  integrity sha512-b0553uYA5YAEGgyYIGYROzKQ7X5RAqedkfjiZxwi0kL1g3bOaBNNZfYkzt/CL0umgD5wc9Jec2FbB98CjkMRvQ==

concat-map@0.0.1:
  version "0.0.1"
  resolved "https://registry.yarnpkg.com/concat-map/-/concat-map-0.0.1.tgz#d8a96bd77fd68df7793a73036a3ba0d5405d477b"
  integrity sha1-2Klr13/Wjfd5OnMDajug1UBdR3s=

crypt@~0.0.1:
  version "0.0.2"
  resolved "https://registry.yarnpkg.com/crypt/-/crypt-0.0.2.tgz#88d7ff7ec0dfb86f713dc87bbb42d044d3e6c41b"
  integrity sha1-iNf/fsDfuG9xPch7u0LQRNPmxBs=

debug@3.1.0, debug@^3.1.0:
  version "3.1.0"
  resolved "https://registry.yarnpkg.com/debug/-/debug-3.1.0.tgz#5bb5a0672628b64149566ba16819e61518c67261"
  integrity sha512-OX8XqP7/1a9cqkxYw2yXss15f26NKWBpDXQd0/uK/KPqdQhxbPa994hnzjcE2VqQpDslf55723cKPUOGSmMY3g==
  dependencies:
    ms "2.0.0"

debug@^2.2.0:
  version "2.6.9"
  resolved "https://registry.yarnpkg.com/debug/-/debug-2.6.9.tgz#5d128515df134ff327e90a4c93f4e077a536341f"
  integrity sha512-bC7ElrdJaJnPbAP+1EotYvqZsb3ecl5wi6Bfi6BJTUcNowp6cvspg0jXznRTKDjm/E7AdgFBVeAPVMNcKGsHMA==
  dependencies:
    ms "2.0.0"

diff@3.3.1:
  version "3.3.1"
  resolved "https://registry.yarnpkg.com/diff/-/diff-3.3.1.tgz#aa8567a6eed03c531fc89d3f711cd0e5259dec75"
  integrity sha512-MKPHZDMB0o6yHyDryUOScqZibp914ksXwAMYMTHj6KO8UeKsRYNJD3oNCKjTqZon+V488P7N/HzXF8t7ZR95ww==

es6-promise@^4.0.3:
  version "4.2.8"
  resolved "https://registry.yarnpkg.com/es6-promise/-/es6-promise-4.2.8.tgz#4eb21594c972bc40553d276e510539143db53e0a"
  integrity sha512-HJDGx5daxeIvxdBxvG2cb9g4tEvwIk3i8+nhX0yGrYmZUzbkdg8QbDevheDB8gd0//uPj4c1EQua8Q+MViT0/w==

es6-promisify@^5.0.0:
  version "5.0.0"
  resolved "https://registry.yarnpkg.com/es6-promisify/-/es6-promisify-5.0.0.tgz#5109d62f3e56ea967c4b63505aef08291c8a5203"
  integrity sha512-C+d6UdsYDk0lMebHNR4S2NybQMMngAOnOwYBQjTOiv0MkoJMP0Myw2mgpDLBcpfCmRLxyFqYhS/CfOENq4SJhQ==
  dependencies:
    es6-promise "^4.0.3"

escape-string-regexp@1.0.5:
  version "1.0.5"
  resolved "https://registry.yarnpkg.com/escape-string-regexp/-/escape-string-regexp-1.0.5.tgz#1b61c0562190a8dff6ae3bb2cf0200ca130b86d4"
  integrity sha512-vbRorB5FUQWvla16U8R/qgaFIya2qGzwDrNmCZuYKrbdSUMG6I1ZCGQRefkRVhuOkIGVne7BQ35DSfo1qvJqFg==

fs.realpath@^1.0.0:
  version "1.0.0"
  resolved "https://registry.yarnpkg.com/fs.realpath/-/fs.realpath-1.0.0.tgz#1504ad2523158caa40db4a2787cb01411994ea4f"
  integrity sha1-FQStJSMVjKpA20onh8sBQRmU6k8=

glob@7.1.2:
  version "7.1.2"
  resolved "https://registry.yarnpkg.com/glob/-/glob-7.1.2.tgz#c19c9df9a028702d678612384a6552404c636d15"
  integrity sha512-MJTUg1kjuLeQCJ+ccE4Vpa6kKVXkPYJ2mOCQyUuKLcLQsdrMCpBPUi8qVE6+YuaJkozeA9NusTAw3hLr8Xe5EQ==
  dependencies:
    fs.realpath "^1.0.0"
    inflight "^1.0.4"
    inherits "2"
    minimatch "^3.0.4"
    once "^1.3.0"
    path-is-absolute "^1.0.0"

glob@^7.1.2:
  version "7.2.3"
  resolved "https://registry.yarnpkg.com/glob/-/glob-7.2.3.tgz#b8df0fb802bbfa8e89bd1d938b4e16578ed44f2b"
  integrity sha512-nFR0zLpU2YCaRxwoCJvL6UvCH2JFyFVIvwTLsIf21AuHlMskA1hhTdk+LlYJtOlYt9v6dvszD2BGRqBL+iQK9Q==
  dependencies:
    fs.realpath "^1.0.0"
    inflight "^1.0.4"
    inherits "2"
    minimatch "^3.1.1"
    once "^1.3.0"
    path-is-absolute "^1.0.0"

growl@1.10.3:
  version "1.10.3"
  resolved "https://registry.yarnpkg.com/growl/-/growl-1.10.3.tgz#1926ba90cf3edfe2adb4927f5880bc22c66c790f"
  integrity sha512-hKlsbA5Vu3xsh1Cg3J7jSmX/WaW6A5oBeqzM88oNbCRQFz+zUaXm6yxS4RVytp1scBoJzSYl4YAEOQIt6O8V1Q==

has-flag@^2.0.0:
  version "2.0.0"
  resolved "https://registry.yarnpkg.com/has-flag/-/has-flag-2.0.0.tgz#e8207af1cc7b30d446cc70b734b5e8be18f88d51"
  integrity sha512-P+1n3MnwjR/Epg9BBo1KT8qbye2g2Ou4sFumihwt6I4tsUX7jnLcX4BTOSKg/B1ZrIYMN9FcEnG4x5a7NB8Eng==

he@1.1.1:
  version "1.1.1"
  resolved "https://registry.yarnpkg.com/he/-/he-1.1.1.tgz#93410fd21b009735151f8868c2f271f3427e23fd"
  integrity sha512-z/GDPjlRMNOa2XJiB4em8wJpuuBfrFOlYKTZxtpkdr1uPdibHI8rYA3MY0KDObpVyaes0e/aunid/t88ZI2EKA==

http-proxy-agent@^2.1.0:
  version "2.1.0"
  resolved "https://registry.yarnpkg.com/http-proxy-agent/-/http-proxy-agent-2.1.0.tgz#e4821beef5b2142a2026bd73926fe537631c5405"
  integrity sha512-qwHbBLV7WviBl0rQsOzH6o5lwyOIvwp/BdFnvVxXORldu5TmjFfjzBcWUWS5kWAZhmv+JtiDhSuQCp4sBfbIgg==
  dependencies:
    agent-base "4"
    debug "3.1.0"

https-proxy-agent@^2.2.1:
  version "2.2.4"
  resolved "https://registry.yarnpkg.com/https-proxy-agent/-/https-proxy-agent-2.2.4.tgz#4ee7a737abd92678a293d9b34a1af4d0d08c787b"
  integrity sha512-OmvfoQ53WLjtA9HeYP9RNrWMJzzAz1JGaSFr1nijg0PVR1JaD/xbJq1mdEIIlxGpXp9eSe/O2LgU9DJmTPd0Eg==
  dependencies:
    agent-base "^4.3.0"
    debug "^3.1.0"

image-size@^0.5.2:
  version "0.5.5"
  resolved "https://registry.yarnpkg.com/image-size/-/image-size-0.5.5.tgz#09dfd4ab9d20e29eb1c3e80b8990378df9e3cb9c"
  integrity sha1-Cd/Uq50g4p6xw+gLiZA3jfnjy5w=

inflight@^1.0.4:
  version "1.0.6"
  resolved "https://registry.yarnpkg.com/inflight/-/inflight-1.0.6.tgz#49bd6331d7d02d0c09bc910a1075ba8165b56df9"
  integrity sha1-Sb1jMdfQLQwJvJEKEHW6gWW1bfk=
  dependencies:
    once "^1.3.0"
    wrappy "1"

inherits@2:
  version "2.0.3"
  resolved "https://registry.yarnpkg.com/inherits/-/inherits-2.0.3.tgz#633c2c83e3da42a502f52466022480f4208261de"
  integrity sha1-Yzwsg+PaQqUC9SRmAiSA9CCCYd4=

is-buffer@~1.1.1:
  version "1.1.6"
  resolved "https://registry.yarnpkg.com/is-buffer/-/is-buffer-1.1.6.tgz#efaa2ea9daa0d7ab2ea13a97b2b8ad51fefbe8be"
  integrity sha512-NcdALwpXkTm5Zvvbk7owOUSvVvBKDgKP5/ewfXEznmQFfs4ZRmanOeKBTjRVjka3QFoN6XJ+9F3USqfHqTaU5w==

jsonc-parser@^1.0.0:
  version "1.0.0"
  resolved "https://registry.yarnpkg.com/jsonc-parser/-/jsonc-parser-1.0.0.tgz#ddcc864ae708e60a7a6dd36daea00172fa8d9272"
  integrity sha1-3cyGSucI5gp6bdNtrqABcvqNknI=

lodash@^4.16.4:
  version "4.17.10"
  resolved "https://registry.yarnpkg.com/lodash/-/lodash-4.17.10.tgz#1b7793cf7259ea38fb3661d4d38b3260af8ae4e7"
  integrity sha512-UejweD1pDoXu+AD825lWwp4ZGtSwgnpZxb3JDViD7StjQz+Nb/6l093lx4OQ0foGWNRoc19mWy7BzL+UAK2iVg==

md5@^2.1.0:
  version "2.2.1"
  resolved "https://registry.yarnpkg.com/md5/-/md5-2.2.1.tgz#53ab38d5fe3c8891ba465329ea23fac0540126f9"
  integrity sha1-U6s41f48iJG6RlMp6iP6wFQBJvk=
  dependencies:
    charenc "~0.0.1"
    crypt "~0.0.1"
    is-buffer "~1.1.1"

minimatch@^3.0.4:
  version "3.0.4"
  resolved "https://registry.yarnpkg.com/minimatch/-/minimatch-3.0.4.tgz#5166e286457f03306064be5497e8dbb0c3d32083"
  integrity sha512-yJHVQEhyqPLUTgt9B83PXu6W3rx4MvvHvSUvToogpwoGDOUQ+yDrR0HRot+yOCdCO7u4hX3pWft6kWBBcqh0UA==
  dependencies:
    brace-expansion "^1.1.7"

minimatch@^3.1.1:
  version "3.1.2"
  resolved "https://registry.yarnpkg.com/minimatch/-/minimatch-3.1.2.tgz#19cd194bfd3e428f049a70817c038d89ab4be35b"
  integrity sha512-J7p63hRiAjw1NDEww1W7i37+ByIrOWO5XQQAzZ3VOcL0PNybwpfmV/N05zFAzwQ9USyEcX6t3UO+K5aqBQOIHw==
  dependencies:
    brace-expansion "^1.1.7"

minimist@0.0.8:
  version "0.0.8"
  resolved "https://registry.yarnpkg.com/minimist/-/minimist-0.0.8.tgz#857fcabfc3397d2625b8228262e86aa7a011b05d"
  integrity sha1-hX/Kv8M5fSYluCKCYuhqp6ARsF0=

mkdirp@0.5.1, mkdirp@~0.5.1:
  version "0.5.1"
  resolved "https://registry.yarnpkg.com/mkdirp/-/mkdirp-0.5.1.tgz#30057438eac6cf7f8c4767f38648d6697d75c903"
  integrity sha1-MAV0OOrGz3+MR2fzhkjWaX11yQM=
  dependencies:
    minimist "0.0.8"

mocha-junit-reporter@^1.17.0:
  version "1.17.0"
  resolved "https://registry.yarnpkg.com/mocha-junit-reporter/-/mocha-junit-reporter-1.17.0.tgz#2e5149ed40fc5d2e3ca71e42db5ab1fec9c6d85c"
  integrity sha1-LlFJ7UD8XS48px5C21qx/snG2Fw=
  dependencies:
    debug "^2.2.0"
    md5 "^2.1.0"
    mkdirp "~0.5.1"
    strip-ansi "^4.0.0"
    xml "^1.0.0"

mocha-multi-reporters@^1.1.7:
  version "1.1.7"
  resolved "https://registry.yarnpkg.com/mocha-multi-reporters/-/mocha-multi-reporters-1.1.7.tgz#cc7f3f4d32f478520941d852abb64d9988587d82"
  integrity sha1-zH8/TTL0eFIJQdhSq7ZNmYhYfYI=
  dependencies:
    debug "^3.1.0"
    lodash "^4.16.4"

mocha@^4.0.1:
  version "4.1.0"
  resolved "https://registry.yarnpkg.com/mocha/-/mocha-4.1.0.tgz#7d86cfbcf35cb829e2754c32e17355ec05338794"
  integrity sha512-0RVnjg1HJsXY2YFDoTNzcc1NKhYuXKRrBAG2gDygmJJA136Cs2QlRliZG1mA0ap7cuaT30mw16luAeln+4RiNA==
  dependencies:
    browser-stdout "1.3.0"
    commander "2.11.0"
    debug "3.1.0"
    diff "3.3.1"
    escape-string-regexp "1.0.5"
    glob "7.1.2"
    growl "1.10.3"
    he "1.1.1"
    mkdirp "0.5.1"
    supports-color "4.4.0"

ms@2.0.0:
  version "2.0.0"
  resolved "https://registry.yarnpkg.com/ms/-/ms-2.0.0.tgz#5608aeadfc00be6c2901df5f9861788de0d597c8"
  integrity sha1-VgiurfwAvmwpAd9fmGF4jeDVl8g=

once@^1.3.0:
  version "1.4.0"
  resolved "https://registry.yarnpkg.com/once/-/once-1.4.0.tgz#583b1aa775961d4b113ac17d9c50baef9dd76bd1"
  integrity sha1-WDsap3WWHUsROsF9nFC6753Xa9E=
  dependencies:
    wrappy "1"

path-is-absolute@^1.0.0:
  version "1.0.1"
  resolved "https://registry.yarnpkg.com/path-is-absolute/-/path-is-absolute-1.0.1.tgz#174b9268735534ffbc7ace6bf53a5a9e1b5c5f5f"
  integrity sha1-F0uSaHNVNP+8es5r9TpanhtcX18=

semver@^5.4.1:
  version "5.7.2"
  resolved "https://registry.yarnpkg.com/semver/-/semver-5.7.2.tgz#48d55db737c3287cd4835e17fa13feace1c41ef8"
  integrity sha512-cBznnQ9KjJqU67B52RMC65CMarK2600WFnbkcaiwWq3xy/5haFJlshgnpjovMVJ+Hff49d8GEn0b87C5pDQ10g==

source-map-support@^0.5.0:
  version "0.5.21"
  resolved "https://registry.yarnpkg.com/source-map-support/-/source-map-support-0.5.21.tgz#04fe7c7f9e1ed2d662233c28cb2b35b9f63f6e4f"
  integrity sha512-uBHU3L3czsIyYXKX88fdrGovxdSCoTGDRZ6SYXtSRxLZUzHg5P/66Ht6uoUlHu9EZod+inXhKo3qQgwXUT/y1w==
  dependencies:
    buffer-from "^1.0.0"
    source-map "^0.6.0"

source-map@^0.6.0:
  version "0.6.1"
  resolved "https://registry.yarnpkg.com/source-map/-/source-map-0.6.1.tgz#74722af32e9614e9c287a8d0bbde48b5e2f1a263"
  integrity sha512-UjgapumWlbMhkBgzT7Ykc5YXUT46F0iKu8SGXq0bcwP5dz/h0Plj6enJqjz1Zbq2l5WaqYnrVbwWOWMyF3F47g==

strip-ansi@^4.0.0:
  version "4.0.0"
  resolved "https://registry.yarnpkg.com/strip-ansi/-/strip-ansi-4.0.0.tgz#a8479022eb1ac368a871389b635262c505ee368f"
  integrity sha1-qEeQIusaw2iocTibY1JixQXuNo8=
  dependencies:
    ansi-regex "^3.0.0"

supports-color@4.4.0:
  version "4.4.0"
  resolved "https://registry.yarnpkg.com/supports-color/-/supports-color-4.4.0.tgz#883f7ddabc165142b2a61427f3352ded195d1a3e"
  integrity sha512-rKC3+DyXWgK0ZLKwmRsrkyHVZAjNkfzeehuFWdGGcqGDTZFH73+RH6S/RDAAxl9GusSjZSUWYLmT9N5pzXFOXQ==
  dependencies:
    has-flag "^2.0.0"

vscode-emmet-helper@^1.2.15:
  version "1.2.15"
  resolved "https://registry.yarnpkg.com/vscode-emmet-helper/-/vscode-emmet-helper-1.2.15.tgz#62dbfbf49bb9ebe329cb7bffdda5aaac725eea7a"
  integrity sha512-JplvmMMWSvm/6/dZezix2ADPM49u6YahPYjs/QToohUpomW/2Eb27ecCrkCyOGBPfKLKGiOPHCssss8TSDA9ag==
  dependencies:
    "@emmetio/extract-abbreviation" "0.1.6"
    jsonc-parser "^1.0.0"
    vscode-languageserver-types "^3.6.0-next.1"

vscode-html-languageservice@^3.0.3:
  version "3.0.3"
  resolved "https://registry.yarnpkg.com/vscode-html-languageservice/-/vscode-html-languageservice-3.0.3.tgz#0aeae18a59000e317447ea34965f72680a2140ef"
  integrity sha512-U+upM3gHp3HaF3wXAnUduA6IDKcz6frWS/dTAju3cZVIyZwOLBBFElQVlLH0ycHyMzqUFrjvdv+kEyPAEWfQ/g==
  dependencies:
    vscode-languageserver-types "^3.15.0-next.2"
    vscode-nls "^4.1.1"
    vscode-uri "^2.0.3"

vscode-languageserver-types@^3.15.0-next.2:
  version "3.15.0-next.2"
  resolved "https://registry.yarnpkg.com/vscode-languageserver-types/-/vscode-languageserver-types-3.15.0-next.2.tgz#a0601332cdaafac21931f497bb080cfb8d73f254"
  integrity sha512-2JkrMWWUi2rlVLSo9OFR2PIGUzdiowEM8NgNYiwLKnXTjpwpjjIrJbNNxDik7Rv4oo9KtikcFQZKXbrKilL/MQ==

vscode-languageserver-types@^3.6.0-next.1:
  version "3.6.0-next.1"
  resolved "https://registry.yarnpkg.com/vscode-languageserver-types/-/vscode-languageserver-types-3.6.0-next.1.tgz#98e488d3f87b666b4ee1a3d89f0023e246d358f3"
  integrity sha512-n4G+hCgZwAhtcJSCkwJP153TLdcEBWwrIrb3Su/SpOkhmU7KjDgxaQBLA45hf+QbhB8uKQb+TVStPvbuYFHSMA==

vscode-nls@^4.1.1:
  version "4.1.1"
  resolved "https://registry.yarnpkg.com/vscode-nls/-/vscode-nls-4.1.1.tgz#f9916b64e4947b20322defb1e676a495861f133c"
  integrity sha512-4R+2UoUUU/LdnMnFjePxfLqNhBS8lrAFyX7pjb2ud/lqDkrUavFUTcG7wR0HBZFakae0Q6KLBFjMS6W93F403A==

vscode-test@^0.1.1:
  version "0.1.5"
  resolved "https://registry.yarnpkg.com/vscode-test/-/vscode-test-0.1.5.tgz#250534f90e78d37a84419a00f9bd15341e1a4f8f"
  integrity sha512-s+lbF1Dtasc0yXVB9iQTexBe2JK6HJAUJe3fWezHKIjq+xRw5ZwCMEMBaonFIPy7s95qg2HPTRDR5W4h4kbxGw==
  dependencies:
    http-proxy-agent "^2.1.0"
    https-proxy-agent "^2.2.1"

vscode-uri@^2.0.3:
  version "2.0.3"
  resolved "https://registry.yarnpkg.com/vscode-uri/-/vscode-uri-2.0.3.tgz#25e5f37f552fbee3cec7e5f80cef8469cefc6543"
  integrity sha512-4D3DI3F4uRy09WNtDGD93H9q034OHImxiIcSq664Hq1Y1AScehlP3qqZyTkX/RWxeu0MRMHGkrxYqm2qlDF/aw==

vscode@1.1.31:
  version "1.1.31"
  resolved "https://registry.yarnpkg.com/vscode/-/vscode-1.1.31.tgz#278586400d9bcf27b4d2273f9eb045c12c1471e7"
  integrity sha512-JSJ5cKI4s5zosgFrtc3SfOrLdQP31q4kL6oChXkW96erSa/ZhP17oPwsr+0oHcmbdWqF7RhCJe4OvJLwuu4T+g==
  dependencies:
    glob "^7.1.2"
    mocha "^4.0.1"
    semver "^5.4.1"
    source-map-support "^0.5.0"
    vscode-test "^0.1.1"

wrappy@1:
  version "1.0.2"
  resolved "https://registry.yarnpkg.com/wrappy/-/wrappy-1.0.2.tgz#b5243d8f3ec1aa35f1364605bc0d1036e30ab69f"
  integrity sha1-tSQ9jz7BqjXxNkYFvA0QNuMKtp8=

xml@^1.0.0:
  version "1.0.1"
  resolved "https://registry.yarnpkg.com/xml/-/xml-1.0.1.tgz#78ba72020029c5bc87b8a81a3cfcd74b4a2fc1e5"
  integrity sha1-eLpyAgApxbyHuKgaPPzXS0ovweU=
