# THIS IS AN AUTOGENERATED FILE. DO NOT EDIT THIS FILE DIRECTLY.
# yarn lockfile v1


"@types/node@^10.14.8":
  version "10.14.8"
  resolved "https://registry.yarnpkg.com/@types/node/-/node-10.14.8.tgz#fe444203ecef1162348cd6deb76c62477b2cc6e9"
  integrity sha512-I4+DbJEhLEg4/vIy/2gkWDvXBOOtPKV9EnLhYjMoqxcRW+TTZtUftkHktz/a8suoD5mUL7m6ReLrkPvSsCQQmw==

semver@^5.5.0:
  version "5.5.1"
  resolved "https://registry.yarnpkg.com/semver/-/semver-5.5.1.tgz#7dfdd8814bdb7cabc7be0fb1d734cfb66c940477"
  integrity sha512-PqpAxfrEhlSUWge8dwIp4tZnQ25DIOthpiaHNIthsjEFQD6EvqUKUDM7L8O2rShkFccYo1VjJR0coWfNkCubRw==

vscode-extension-telemetry@0.4.5:
  version "0.4.5"
  resolved "https://registry.yarnpkg.com/vscode-extension-telemetry/-/vscode-extension-telemetry-0.4.5.tgz#1957d5a8b0cd6ad9a79d4f260fe037fbf98732bb"
  integrity sha512-YhPiPcelqM5xyYWmD46jIcsxLYWkPZhAxlBkzqmpa218fMtTT17ERdOZVCXcs1S5AjvDHlq43yCgi8TaVQjjEg==

vscode-jsonrpc@^4.1.0-next.2:
  version "4.1.0-next.2"
  resolved "https://registry.yarnpkg.com/vscode-jsonrpc/-/vscode-jsonrpc-4.1.0-next.2.tgz#3bd318910a48e631742b290975386e3dae685be3"
  integrity sha512-GsBLjP9DxQ42yl1mW9GEIlnSc0+R8mfzhaebwmmTPEJjezD5SPoAo3DFrIAFZha9yvQ1nzZfZlhtVpGQmgxtXg==

vscode-languageclient@^5.3.0-next.6:
  version "5.3.0-next.6"
  resolved "https://registry.yarnpkg.com/vscode-languageclient/-/vscode-languageclient-5.3.0-next.6.tgz#35e74882781158e8b111911c0953869d3df08777"
  integrity sha512-DxT8+gkenjCjJV6ArcP75/AQfx6HP6m6kHIbacPCpffMeoE1YMLKj6ZixA9J87yr0fMtBmqumLmDeGe7MIF2bw==
  dependencies:
    semver "^5.5.0"
    vscode-languageserver-protocol "^3.15.0-next.6"

vscode-languageserver-protocol@^3.15.0-next.6:
  version "3.15.0-next.6"
  resolved "https://registry.yarnpkg.com/vscode-languageserver-protocol/-/vscode-languageserver-protocol-3.15.0-next.6.tgz#a8aeb7e7dd65da8216b386db59494cdfd3215d92"
  integrity sha512-/yDpYlWyNs26mM23mT73xmOFsh1iRfgZfBdHmfAxwDKwpQKLoOSqVidtYfxlK/pD3IEKGcAVnT4WXTsguxxAMQ==
  dependencies:
    vscode-jsonrpc "^4.1.0-next.2"
    vscode-languageserver-types "^3.15.0-next.2"

vscode-languageserver-types@^3.15.0-next.2:
  version "3.15.0-next.2"
  resolved "https://registry.yarnpkg.com/vscode-languageserver-types/-/vscode-languageserver-types-3.15.0-next.2.tgz#a0601332cdaafac21931f497bb080cfb8d73f254"
  integrity sha512-2JkrMWWUi2rlVLSo9OFR2PIGUzdiowEM8NgNYiwLKnXTjpwpjjIrJbNNxDik7Rv4oo9KtikcFQZKXbrKilL/MQ==

vscode-nls@^4.1.1:
  version "4.1.1"
  resolved "https://registry.yarnpkg.com/vscode-nls/-/vscode-nls-4.1.1.tgz#f9916b64e4947b20322defb1e676a495861f133c"
  integrity sha512-4R+2UoUUU/LdnMnFjePxfLqNhBS8lrAFyX7pjb2ud/lqDkrUavFUTcG7wR0HBZFakae0Q6KLBFjMS6W93F403A==
